
Microsoft Visual Studio Solution File, Format Version 12.00
# Visual Studio Version 17
VisualStudioVersion = 17.3.32929.385
MinimumVisualStudioVersion = 10.0.40219.1
Project("{FAE04EC0-301F-11D3-BF4B-00C04F79EFBC}") = "FaktoriyelToplami", "FaktoriyelToplami\FaktoriyelToplami.csproj", "{283ECEAD-8C69-4B29-A505-9E34784C3577}"
EndProject
Global
	GlobalSection(SolutionConfigurationPlatforms) = preSolution
		Debug|Any CPU = Debug|Any CPU
		Release|Any CPU = Release|Any CPU
	EndGlobalSection
	GlobalSection(ProjectConfigurationPlatforms) = postSolution
		{283ECEAD-8C69-4B29-A505-9E34784C3577}.Debug|Any CPU.ActiveCfg = Debug|Any CPU
		{283ECEAD-8C69-4B29-A505-9E34784C3577}.Debug|Any CPU.Build.0 = Debug|Any CPU
		{283ECEAD-8C69-4B29-A505-9E34784C3577}.Release|Any CPU.ActiveCfg = Release|Any CPU
		{283ECEAD-8C69-4B29-A505-9E34784C3577}.Release|Any CPU.Build.0 = Release|Any CPU
	EndGlobalSection
	GlobalSection(SolutionProperties) = preSolution
		HideSolutionNode = FALSE
	EndGlobalSection
	GlobalSection(ExtensibilityGlobals) = postSolution
		SolutionGuid = {67717E52-705F-4E2C-9806-96783CC09931}
	EndGlobalSection
EndGlobal
